// !$*UTF8*$!
{
	archiveVersion = 1;
	classes = {
	};
	objectVersion = 46;
	objects = {

/* Begin PBXBuildFile section */
		9221BA6C1E4AD03C00E26A28 /* User.swift in Sources */ = {isa = PBXBuildFile; fileRef = 9221BA6B1E4AD03C00E26A28 /* User.swift */; };
		9221BA701E4AD1D400E26A28 /* Category.swift in Sources */ = {isa = PBXBuildFile; fileRef = 9221BA6F1E4AD1D400E26A28 /* Category.swift */; };
		9221BA721E4AD3CE00E26A28 /* Lesson.swift in Sources */ = {isa = PBXBuildFile; fileRef = 9221BA711E4AD3CE00E26A28 /* Lesson.swift */; };
		9221BA741E4AD51B00E26A28 /* Word.swift in Sources */ = {isa = PBXBuildFile; fileRef = 9221BA731E4AD51B00E26A28 /* Word.swift */; };
		9221BA761E4AD5BF00E26A28 /* Answer.swift in Sources */ = {isa = PBXBuildFile; fileRef = 9221BA751E4AD5BF00E26A28 /* Answer.swift */; };
		929C6BD01E4ACC2400B11086 /* AppDelegate.swift in Sources */ = {isa = PBXBuildFile; fileRef = 929C6BCF1E4ACC2400B11086 /* AppDelegate.swift */; };
		929C6BD51E4ACC2400B11086 /* Main.storyboard in Resources */ = {isa = PBXBuildFile; fileRef = 929C6BD31E4ACC2400B11086 /* Main.storyboard */; };
		929C6BD71E4ACC2400B11086 /* Assets.xcassets in Resources */ = {isa = PBXBuildFile; fileRef = 929C6BD61E4ACC2400B11086 /* Assets.xcassets */; };
		929C6BDA1E4ACC2400B11086 /* LaunchScreen.storyboard in Resources */ = {isa = PBXBuildFile; fileRef = 929C6BD81E4ACC2400B11086 /* LaunchScreen.storyboard */; };
/* End PBXBuildFile section */

/* Begin PBXFileReference section */
		9221BA6B1E4AD03C00E26A28 /* User.swift */ = {isa = PBXFileReference; fileEncoding = 4; lastKnownFileType = sourcecode.swift; path = User.swift; sourceTree = "<group>"; };
		9221BA6F1E4AD1D400E26A28 /* Category.swift */ = {isa = PBXFileReference; fileEncoding = 4; lastKnownFileType = sourcecode.swift; path = Category.swift; sourceTree = "<group>"; };
		9221BA711E4AD3CE00E26A28 /* Lesson.swift */ = {isa = PBXFileReference; fileEncoding = 4; lastKnownFileType = sourcecode.swift; path = Lesson.swift; sourceTree = "<group>"; };
		9221BA731E4AD51B00E26A28 /* Word.swift */ = {isa = PBXFileReference; fileEncoding = 4; lastKnownFileType = sourcecode.swift; path = Word.swift; sourceTree = "<group>"; };
		9221BA751E4AD5BF00E26A28 /* Answer.swift */ = {isa = PBXFileReference; fileEncoding = 4; lastKnownFileType = sourcecode.swift; path = Answer.swift; sourceTree = "<group>"; };
		929C6BCC1E4ACC2400B11086 /* E-Learning.app */ = {isa = PBXFileReference; explicitFileType = wrapper.application; includeInIndex = 0; path = "E-Learning.app"; sourceTree = BUILT_PRODUCTS_DIR; };
		929C6BCF1E4ACC2400B11086 /* AppDelegate.swift */ = {isa = PBXFileReference; lastKnownFileType = sourcecode.swift; path = AppDelegate.swift; sourceTree = "<group>"; };
		929C6BD41E4ACC2400B11086 /* Base */ = {isa = PBXFileReference; lastKnownFileType = file.storyboard; name = Base; path = Base.lproj/Main.storyboard; sourceTree = "<group>"; };
		929C6BD61E4ACC2400B11086 /* Assets.xcassets */ = {isa = PBXFileReference; lastKnownFileType = folder.assetcatalog; path = Assets.xcassets; sourceTree = "<group>"; };
		929C6BD91E4ACC2400B11086 /* Base */ = {isa = PBXFileReference; lastKnownFileType = file.storyboard; name = Base; path = Base.lproj/LaunchScreen.storyboard; sourceTree = "<group>"; };
		929C6BDB1E4ACC2400B11086 /* Info.plist */ = {isa = PBXFileReference; lastKnownFileType = text.plist.xml; path = Info.plist; sourceTree = "<group>"; };
/* End PBXFileReference section */

/* Begin PBXFrameworksBuildPhase section */
		929C6BC91E4ACC2400B11086 /* Frameworks */ = {
			isa = PBXFrameworksBuildPhase;
			buildActionMask = 2147483647;
			files = (
			);
			runOnlyForDeploymentPostprocessing = 0;
		};
/* End PBXFrameworksBuildPhase section */

/* Begin PBXGroup section */
		9221BA6A1E4ACE3D00E26A28 /* Models */ = {
			isa = PBXGroup;
			children = (
				9221BA6B1E4AD03C00E26A28 /* User.swift */,
				9221BA6F1E4AD1D400E26A28 /* Category.swift */,
				9221BA711E4AD3CE00E26A28 /* Lesson.swift */,
				9221BA731E4AD51B00E26A28 /* Word.swift */,
				9221BA751E4AD5BF00E26A28 /* Answer.swift */,
			);
			path = Models;
			sourceTree = "<group>";
		};
		929C6BC31E4ACC2300B11086 = {
			isa = PBXGroup;
			children = (
				929C6BCE1E4ACC2400B11086 /* E-Learning */,
				929C6BCD1E4ACC2400B11086 /* Products */,
			);
			sourceTree = "<group>";
		};
		929C6BCD1E4ACC2400B11086 /* Products */ = {
			isa = PBXGroup;
			children = (
				929C6BCC1E4ACC2400B11086 /* E-Learning.app */,
			);
			name = Products;
			sourceTree = "<group>";
		};
		929C6BCE1E4ACC2400B11086 /* E-Learning */ = {
			isa = PBXGroup;
			children = (
				9221BA6A1E4ACE3D00E26A28 /* Models */,
				929C6BCF1E4ACC2400B11086 /* AppDelegate.swift */,
				929C6BD31E4ACC2400B11086 /* Main.storyboard */,
				929C6BD61E4ACC2400B11086 /* Assets.xcassets */,
				929C6BD81E4ACC2400B11086 /* LaunchScreen.storyboard */,
				929C6BDB1E4ACC2400B11086 /* Info.plist */,
			);
			path = "E-Learning";
			sourceTree = "<group>";
		};
/* End PBXGroup section */

/* Begin PBXNativeTarget section */
		929C6BCB1E4ACC2400B11086 /* E-Learning */ = {
			isa = PBXNativeTarget;
			buildConfigurationList = 929C6BDE1E4ACC2400B11086 /* Build configuration list for PBXNativeTarget "E-Learning" */;
			buildPhases = (
				929C6BC81E4ACC2400B11086 /* Sources */,
				929C6BC91E4ACC2400B11086 /* Frameworks */,
				929C6BCA1E4ACC2400B11086 /* Resources */,
			);
			buildRules = (
			);
			dependencies = (
			);
			name = "E-Learning";
			productName = "E-Learning";
			productReference = 929C6BCC1E4ACC2400B11086 /* E-Learning.app */;
			productType = "com.apple.product-type.application";
		};
/* End PBXNativeTarget section */

/* Begin PBXProject section */
		929C6BC41E4ACC2400B11086 /* Project object */ = {
			isa = PBXProject;
			attributes = {
				LastSwiftUpdateCheck = 0820;
				LastUpgradeCheck = 0820;
				ORGANIZATIONNAME = Framgia;
				TargetAttributes = {
					929C6BCB1E4ACC2400B11086 = {
						CreatedOnToolsVersion = 8.2.1;
						ProvisioningStyle = Automatic;
					};
				};
			};
			buildConfigurationList = 929C6BC71E4ACC2400B11086 /* Build configuration list for PBXProject "E-Learning" */;
			compatibilityVersion = "Xcode 3.2";
			developmentRegion = English;
			hasScannedForEncodings = 0;
			knownRegions = (
				en,
				Base,
			);
			mainGroup = 929C6BC31E4ACC2300B11086;
			productRefGroup = 929C6BCD1E4ACC2400B11086 /* Products */;
			projectDirPath = "";
			projectRoot = "";
			targets = (
				929C6BCB1E4ACC2400B11086 /* E-Learning */,
			);
		};
/* End PBXProject section */

/* Begin PBXResourcesBuildPhase section */
		929C6BCA1E4ACC2400B11086 /* Resources */ = {
			isa = PBXResourcesBuildPhase;
			buildActionMask = 2147483647;
			files = (
				929C6BDA1E4ACC2400B11086 /* LaunchScreen.storyboard in Resources */,
				929C6BD71E4ACC2400B11086 /* Assets.xcassets in Resources */,
				929C6BD51E4ACC2400B11086 /* Main.storyboard in Resources */,
			);
			runOnlyForDeploymentPostprocessing = 0;
		};
/* End PBXResourcesBuildPhase section */

/* Begin PBXSourcesBuildPhase section */
		929C6BC81E4ACC2400B11086 /* Sources */ = {
			isa = PBXSourcesBuildPhase;
			buildActionMask = 2147483647;
			files = (
				9221BA6C1E4AD03C00E26A28 /* User.swift in Sources */,
				929C6BD01E4ACC2400B11086 /* AppDelegate.swift in Sources */,
				9221BA741E4AD51B00E26A28 /* Word.swift in Sources */,
				9221BA761E4AD5BF00E26A28 /* Answer.swift in Sources */,
				9221BA701E4AD1D400E26A28 /* Category.swift in Sources */,
				9221BA721E4AD3CE00E26A28 /* Lesson.swift in Sources */,
			);
			runOnlyForDeploymentPostprocessing = 0;
		};
/* End PBXSourcesBuildPhase section */

/* Begin PBXVariantGroup section */
		929C6BD31E4ACC2400B11086 /* Main.storyboard */ = {
			isa = PBXVariantGroup;
			children = (
				929C6BD41E4ACC2400B11086 /* Base */,
			);
			name = Main.storyboard;
			sourceTree = "<group>";
		};
		929C6BD81E4ACC2400B11086 /* LaunchScreen.storyboard */ = {
			isa = PBXVariantGroup;
			children = (
				929C6BD91E4ACC2400B11086 /* Base */,
			);
			name = LaunchScreen.storyboard;
			sourceTree = "<group>";
		};
/* End PBXVariantGroup section */

/* Begin XCBuildConfiguration section */
		929C6BDC1E4ACC2400B11086 /* Debug */ = {
			isa = XCBuildConfiguration;
			buildSettings = {
				ALWAYS_SEARCH_USER_PATHS = NO;
				CLANG_ANALYZER_NONNULL = YES;
				CLANG_CXX_LANGUAGE_STANDARD = "gnu++0x";
				CLANG_CXX_LIBRARY = "libc++";
				CLANG_ENABLE_MODULES = YES;
				CLANG_ENABLE_OBJC_ARC = YES;
				CLANG_WARN_BOOL_CONVERSION = YES;
				CLANG_WARN_CONSTANT_CONVERSION = YES;
				CLANG_WARN_DIRECT_OBJC_ISA_USAGE = YES_ERROR;
				CLANG_WARN_DOCUMENTATION_COMMENTS = YES;
				CLANG_WARN_EMPTY_BODY = YES;
				CLANG_WARN_ENUM_CONVERSION = YES;
				CLANG_WARN_INFINITE_RECURSION = YES;
				CLANG_WARN_INT_CONVERSION = YES;
				CLANG_WARN_OBJC_ROOT_CLASS = YES_ERROR;
				CLANG_WARN_SUSPICIOUS_MOVE = YES;
				CLANG_WARN_UNREACHABLE_CODE = YES;
				CLANG_WARN__DUPLICATE_METHOD_MATCH = YES;
				"CODE_SIGN_IDENTITY[sdk=iphoneos*]" = "iPhone Developer";
				COPY_PHASE_STRIP = NO;
				DEBUG_INFORMATION_FORMAT = dwarf;
				ENABLE_STRICT_OBJC_MSGSEND = YES;
				ENABLE_TESTABILITY = YES;
				GCC_C_LANGUAGE_STANDARD = gnu99;
				GCC_DYNAMIC_NO_PIC = NO;
				GCC_NO_COMMON_BLOCKS = YES;
				GCC_OPTIMIZATION_LEVEL = 0;
				GCC_PREPROCESSOR_DEFINITIONS = (
					"DEBUG=1",
					"$(inherited)",
				);
				GCC_WARN_64_TO_32_BIT_CONVERSION = YES;
				GCC_WARN_ABOUT_RETURN_TYPE = YES_ERROR;
				GCC_WARN_UNDECLARED_SELECTOR = YES;
				GCC_WARN_UNINITIALIZED_AUTOS = YES_AGGRESSIVE;
				GCC_WARN_UNUSED_FUNCTION = YES;
				GCC_WARN_UNUSED_VARIABLE = YES;
				IPHONEOS_DEPLOYMENT_TARGET = 10.2;
				MTL_ENABLE_DEBUG_INFO = YES;
				ONLY_ACTIVE_ARCH = YES;
				SDKROOT = iphoneos;
				SWIFT_ACTIVE_COMPILATION_CONDITIONS = DEBUG;
				SWIFT_OPTIMIZATION_LEVEL = "-Onone";
			};
			name = Debug;
		};
		929C6BDD1E4ACC2400B11086 /* Release */ = {
			isa = XCBuildConfiguration;
			buildSettings = {
				ALWAYS_SEARCH_USER_PATHS = NO;
				CLANG_ANALYZER_NONNULL = YES;
				CLANG_CXX_LANGUAGE_STANDARD = "gnu++0x";
				CLANG_CXX_LIBRARY = "libc++";
				CLANG_ENABLE_MODULES = YES;
				CLANG_ENABLE_OBJC_ARC = YES;
				CLANG_WARN_BOOL_CONVERSION = YES;
				CLANG_WARN_CONSTANT_CONVERSION = YES;
				CLANG_WARN_DIRECT_OBJC_ISA_USAGE = YES_ERROR;
				CLANG_WARN_DOCUMENTATION_COMMENTS = YES;
				CLANG_WARN_EMPTY_BODY = YES;
				CLANG_WARN_ENUM_CONVERSION = YES;
				CLANG_WARN_INFINITE_RECURSION = YES;
				CLANG_WARN_INT_CONVERSION = YES;
				CLANG_WARN_OBJC_ROOT_CLASS = YES_ERROR;
				CLANG_WARN_SUSPICIOUS_MOVE = YES;
				CLANG_WARN_UNREACHABLE_CODE = YES;
				CLANG_WARN__DUPLICATE_METHOD_MATCH = YES;
				"CODE_SIGN_IDENTITY[sdk=iphoneos*]" = "iPhone Developer";
				COPY_PHASE_STRIP = NO;
				DEBUG_INFORMATION_FORMAT = "dwarf-with-dsym";
				ENABLE_NS_ASSERTIONS = NO;
				ENABLE_STRICT_OBJC_MSGSEND = YES;
				GCC_C_LANGUAGE_STANDARD = gnu99;
				GCC_NO_COMMON_BLOCKS = YES;
				GCC_WARN_64_TO_32_BIT_CONVERSION = YES;
				GCC_WARN_ABOUT_RETURN_TYPE = YES_ERROR;
				GCC_WARN_UNDECLARED_SELECTOR = YES;
				GCC_WARN_UNINITIALIZED_AUTOS = YES_AGGRESSIVE;
				GCC_WARN_UNUSED_FUNCTION = YES;
				GCC_WARN_UNUSED_VARIABLE = YES;
				IPHONEOS_DEPLOYMENT_TARGET = 10.2;
				MTL_ENABLE_DEBUG_INFO = NO;
				SDKROOT = iphoneos;
				SWIFT_OPTIMIZATION_LEVEL = "-Owholemodule";
				VALIDATE_PRODUCT = YES;
			};
			name = Release;
		};
		929C6BDF1E4ACC2400B11086 /* Debug */ = {
			isa = XCBuildConfiguration;
			buildSettings = {
				ASSETCATALOG_COMPILER_APPICON_NAME = AppIcon;
				INFOPLIST_FILE = "E-Learning/Info.plist";
				LD_RUNPATH_SEARCH_PATHS = "$(inherited) @executable_path/Frameworks";
				PRODUCT_BUNDLE_IDENTIFIER = "com.framgia.E-Learning";
				PRODUCT_NAME = "$(TARGET_NAME)";
				SWIFT_VERSION = 3.0;
			};
			name = Debug;
		};
		929C6BE01E4ACC2400B11086 /* Release */ = {
			isa = XCBuildConfiguration;
			buildSettings = {
				ASSETCATALOG_COMPILER_APPICON_NAME = AppIcon;
				INFOPLIST_FILE = "E-Learning/Info.plist";
				LD_RUNPATH_SEARCH_PATHS = "$(inherited) @executable_path/Frameworks";
				PRODUCT_BUNDLE_IDENTIFIER = "com.framgia.E-Learning";
				PRODUCT_NAME = "$(TARGET_NAME)";
				SWIFT_VERSION = 3.0;
			};
			name = Release;
		};
/* End XCBuildConfiguration section */

/* Begin XCConfigurationList section */
		929C6BC71E4ACC2400B11086 /* Build configuration list for PBXProject "E-Learning" */ = {
			isa = XCConfigurationList;
			buildConfigurations = (
				929C6BDC1E4ACC2400B11086 /* Debug */,
				929C6BDD1E4ACC2400B11086 /* Release */,
			);
			defaultConfigurationIsVisible = 0;
			defaultConfigurationName = Release;
		};
		929C6BDE1E4ACC2400B11086 /* Build configuration list for PBXNativeTarget "E-Learning" */ = {
			isa = XCConfigurationList;
			buildConfigurations = (
				929C6BDF1E4ACC2400B11086 /* Debug */,
				929C6BE01E4ACC2400B11086 /* Release */,
			);
			defaultConfigurationIsVisible = 0;
			defaultConfigurationName = Release;
		};
/* End XCConfigurationList section */
	};
	rootObject = 929C6BC41E4ACC2400B11086 /* Project object */;
}
