// !$*UTF8*$!
{
	archiveVersion = 1;
	classes = {
	};
	objectVersion = 46;
	objects = {

/* Begin PBXBuildFile section */
		113503341E4C44330003CC49 /* Lesson.storyboard in Resources */ = {isa = PBXBuildFile; fileRef = 113503331E4C44330003CC49 /* Lesson.storyboard */; };
		1135033D1E4C44F80003CC49 /* CategoriesViewController.swift in Sources */ = {isa = PBXBuildFile; fileRef = 113503371E4C44F80003CC49 /* CategoriesViewController.swift */; };
		1135033E1E4C44F80003CC49 /* CategoryCell.swift in Sources */ = {isa = PBXBuildFile; fileRef = 113503381E4C44F80003CC49 /* CategoryCell.swift */; };
		1135033F1E4C44F80003CC49 /* LessonAnswerCell.swift in Sources */ = {isa = PBXBuildFile; fileRef = 1135033A1E4C44F80003CC49 /* LessonAnswerCell.swift */; };
		113503401E4C44F80003CC49 /* LessonViewController.swift in Sources */ = {isa = PBXBuildFile; fileRef = 1135033B1E4C44F80003CC49 /* LessonViewController.swift */; };
		113503491E4C62610003CC49 /* ResultViewController.swift in Sources */ = {isa = PBXBuildFile; fileRef = 113503481E4C62610003CC49 /* ResultViewController.swift */; };
		1135034B1E4C67D70003CC49 /* ResultCell.swift in Sources */ = {isa = PBXBuildFile; fileRef = 1135034A1E4C67D70003CC49 /* ResultCell.swift */; };
		1135034F1E4C7FB20003CC49 /* String+Localization.swift in Sources */ = {isa = PBXBuildFile; fileRef = 1135034E1E4C7FB20003CC49 /* String+Localization.swift */; };
		113503501E4C816B0003CC49 /* Localizable.strings in Resources */ = {isa = PBXBuildFile; fileRef = 113503521E4C816B0003CC49 /* Localizable.strings */; };
		117B2C351E518A0200DA1C37 /* Dictionary+ParseJSON.swift in Sources */ = {isa = PBXBuildFile; fileRef = 117B2C341E518A0200DA1C37 /* Dictionary+ParseJSON.swift */; };
		117B2C371E51943E00DA1C37 /* LessonService.swift in Sources */ = {isa = PBXBuildFile; fileRef = 117B2C361E51943E00DA1C37 /* LessonService.swift */; };
		553DD0541E554BA1006B6517 /* WordService.swift in Sources */ = {isa = PBXBuildFile; fileRef = 553DD0531E554BA1006B6517 /* WordService.swift */; };
		5595989F1E5152A400C48E59 /* HomeViewController.swift in Sources */ = {isa = PBXBuildFile; fileRef = 559598981E5152A400C48E59 /* HomeViewController.swift */; };
		559598A01E5152A400C48E59 /* UpdateProfileViewController.swift in Sources */ = {isa = PBXBuildFile; fileRef = 5595989A1E5152A400C48E59 /* UpdateProfileViewController.swift */; };
		559598A11E5152A400C48E59 /* WordsListCell.swift in Sources */ = {isa = PBXBuildFile; fileRef = 5595989C1E5152A400C48E59 /* WordsListCell.swift */; };
		559598A21E5152A400C48E59 /* WordsListCell.xib in Resources */ = {isa = PBXBuildFile; fileRef = 5595989D1E5152A400C48E59 /* WordsListCell.xib */; };
		559598A51E51531000C48E59 /* HomeCell.swift in Sources */ = {isa = PBXBuildFile; fileRef = 559598A41E51531000C48E59 /* HomeCell.swift */; };
		55D03BA31E51BE2900C9CFC7 /* WordsListViewController.swift in Sources */ = {isa = PBXBuildFile; fileRef = 55D03BA21E51BE2900C9CFC7 /* WordsListViewController.swift */; };
		9217B23B1E4C010E00744083 /* LaunchScreen.storyboard in Resources */ = {isa = PBXBuildFile; fileRef = 92039FFB1E4BFFBD000481C5 /* LaunchScreen.storyboard */; };
		9221BA6C1E4AD03C00E26A28 /* User.swift in Sources */ = {isa = PBXBuildFile; fileRef = 9221BA6B1E4AD03C00E26A28 /* User.swift */; };
		9221BA701E4AD1D400E26A28 /* Category.swift in Sources */ = {isa = PBXBuildFile; fileRef = 9221BA6F1E4AD1D400E26A28 /* Category.swift */; };
		9221BA721E4AD3CE00E26A28 /* Lesson.swift in Sources */ = {isa = PBXBuildFile; fileRef = 9221BA711E4AD3CE00E26A28 /* Lesson.swift */; };
		9221BA741E4AD51B00E26A28 /* Word.swift in Sources */ = {isa = PBXBuildFile; fileRef = 9221BA731E4AD51B00E26A28 /* Word.swift */; };
		9221BA761E4AD5BF00E26A28 /* Answer.swift in Sources */ = {isa = PBXBuildFile; fileRef = 9221BA751E4AD5BF00E26A28 /* Answer.swift */; };
		924EA8201E53F9B700E4D14A /* JSONObject.swift in Sources */ = {isa = PBXBuildFile; fileRef = 924EA81F1E53F9B700E4D14A /* JSONObject.swift */; };
		924EA8211E5412CC00E4D14A /* Main.storyboard in Resources */ = {isa = PBXBuildFile; fileRef = 924EA8231E5412CC00E4D14A /* Main.storyboard */; };
		925A70801E4C0ACF00B4AA02 /* Constants.swift in Sources */ = {isa = PBXBuildFile; fileRef = 925A707F1E4C0ACF00B4AA02 /* Constants.swift */; };
		925A70821E4C0CBB00B4AA02 /* DataValidator.swift in Sources */ = {isa = PBXBuildFile; fileRef = 925A70811E4C0CBB00B4AA02 /* DataValidator.swift */; };
		925A70861E4C1DD000B4AA02 /* UIViewController+Extensions.swift in Sources */ = {isa = PBXBuildFile; fileRef = 925A70851E4C1DD000B4AA02 /* UIViewController+Extensions.swift */; };
		925A70881E4C1DF600B4AA02 /* UIView+Extensions.swift in Sources */ = {isa = PBXBuildFile; fileRef = 925A70871E4C1DF600B4AA02 /* UIView+Extensions.swift */; };
		9281C3B91E4D62250061ED5F /* LoginViewController.swift in Sources */ = {isa = PBXBuildFile; fileRef = A52FF4421E4C4BBE00EEADE2 /* LoginViewController.swift */; };
		929C6BD01E4ACC2400B11086 /* AppDelegate.swift in Sources */ = {isa = PBXBuildFile; fileRef = 929C6BCF1E4ACC2400B11086 /* AppDelegate.swift */; };
		92BC36841E56A3C20073A855 /* Assets.xcassets in Resources */ = {isa = PBXBuildFile; fileRef = 92BC36831E56A3C20073A855 /* Assets.xcassets */; };
		92BC36851E56C41E0073A855 /* Home.storyboard in Resources */ = {isa = PBXBuildFile; fileRef = 92BC36871E56C41E0073A855 /* Home.storyboard */; };
		92BDD0FC1E51390D00915555 /* APIService.swift in Sources */ = {isa = PBXBuildFile; fileRef = 92BDD0FB1E51390D00915555 /* APIService.swift */; };
		92BDD0FE1E5148B500915555 /* UserService.swift in Sources */ = {isa = PBXBuildFile; fileRef = 92BDD0FD1E5148B500915555 /* UserService.swift */; };
		92D6B99B1E5179E0004F565B /* DataStore.swift in Sources */ = {isa = PBXBuildFile; fileRef = 92D6B99A1E5179E0004F565B /* DataStore.swift */; };
		92D6B99D1E517B09004F565B /* UIImageView+URL.swift in Sources */ = {isa = PBXBuildFile; fileRef = 92D6B99C1E517B09004F565B /* UIImageView+URL.swift */; };
		92EBA9D71E56E5630001DBD0 /* InfoPlist.strings in Resources */ = {isa = PBXBuildFile; fileRef = 92EBA9D91E56E5630001DBD0 /* InfoPlist.strings */; };
		92F5E51A1E52B5A1007824E6 /* GoogleService-Info.plist in Resources */ = {isa = PBXBuildFile; fileRef = 92F5E5191E52B5A1007824E6 /* GoogleService-Info.plist */; };
		A52FF4451E4C4BBE00EEADE2 /* RegisterViewController.swift in Sources */ = {isa = PBXBuildFile; fileRef = A52FF4431E4C4BBE00EEADE2 /* RegisterViewController.swift */; };
		DB54928BDD08FD3277D84469 /* Pods_E_Learning.framework in Frameworks */ = {isa = PBXBuildFile; fileRef = FE713528E8AC9B1DE849E995 /* Pods_E_Learning.framework */; };
/* End PBXBuildFile section */

/* Begin PBXFileReference section */
		113503331E4C44330003CC49 /* Lesson.storyboard */ = {isa = PBXFileReference; fileEncoding = 4; lastKnownFileType = file.storyboard; path = Lesson.storyboard; sourceTree = "<group>"; };
		113503371E4C44F80003CC49 /* CategoriesViewController.swift */ = {isa = PBXFileReference; fileEncoding = 4; lastKnownFileType = sourcecode.swift; path = CategoriesViewController.swift; sourceTree = "<group>"; };
		113503381E4C44F80003CC49 /* CategoryCell.swift */ = {isa = PBXFileReference; fileEncoding = 4; lastKnownFileType = sourcecode.swift; path = CategoryCell.swift; sourceTree = "<group>"; };
		1135033A1E4C44F80003CC49 /* LessonAnswerCell.swift */ = {isa = PBXFileReference; fileEncoding = 4; lastKnownFileType = sourcecode.swift; path = LessonAnswerCell.swift; sourceTree = "<group>"; };
		1135033B1E4C44F80003CC49 /* LessonViewController.swift */ = {isa = PBXFileReference; fileEncoding = 4; lastKnownFileType = sourcecode.swift; path = LessonViewController.swift; sourceTree = "<group>"; };
		113503481E4C62610003CC49 /* ResultViewController.swift */ = {isa = PBXFileReference; fileEncoding = 4; lastKnownFileType = sourcecode.swift; path = ResultViewController.swift; sourceTree = "<group>"; };
		1135034A1E4C67D70003CC49 /* ResultCell.swift */ = {isa = PBXFileReference; fileEncoding = 4; lastKnownFileType = sourcecode.swift; path = ResultCell.swift; sourceTree = "<group>"; };
		1135034E1E4C7FB20003CC49 /* String+Localization.swift */ = {isa = PBXFileReference; fileEncoding = 4; lastKnownFileType = sourcecode.swift; path = "String+Localization.swift"; sourceTree = "<group>"; };
		113503511E4C816B0003CC49 /* Base */ = {isa = PBXFileReference; lastKnownFileType = text.plist.strings; name = Base; path = Base.lproj/Localizable.strings; sourceTree = "<group>"; };
		117B2C341E518A0200DA1C37 /* Dictionary+ParseJSON.swift */ = {isa = PBXFileReference; fileEncoding = 4; lastKnownFileType = sourcecode.swift; path = "Dictionary+ParseJSON.swift"; sourceTree = "<group>"; };
		117B2C361E51943E00DA1C37 /* LessonService.swift */ = {isa = PBXFileReference; fileEncoding = 4; lastKnownFileType = sourcecode.swift; path = LessonService.swift; sourceTree = "<group>"; };
		553DD0531E554BA1006B6517 /* WordService.swift */ = {isa = PBXFileReference; fileEncoding = 4; lastKnownFileType = sourcecode.swift; path = WordService.swift; sourceTree = "<group>"; };
		559598981E5152A400C48E59 /* HomeViewController.swift */ = {isa = PBXFileReference; fileEncoding = 4; lastKnownFileType = sourcecode.swift; path = HomeViewController.swift; sourceTree = "<group>"; };
		5595989A1E5152A400C48E59 /* UpdateProfileViewController.swift */ = {isa = PBXFileReference; fileEncoding = 4; lastKnownFileType = sourcecode.swift; path = UpdateProfileViewController.swift; sourceTree = "<group>"; };
		5595989C1E5152A400C48E59 /* WordsListCell.swift */ = {isa = PBXFileReference; fileEncoding = 4; lastKnownFileType = sourcecode.swift; path = WordsListCell.swift; sourceTree = "<group>"; };
		5595989D1E5152A400C48E59 /* WordsListCell.xib */ = {isa = PBXFileReference; fileEncoding = 4; lastKnownFileType = file.xib; path = WordsListCell.xib; sourceTree = "<group>"; };
		559598A41E51531000C48E59 /* HomeCell.swift */ = {isa = PBXFileReference; fileEncoding = 4; lastKnownFileType = sourcecode.swift; path = HomeCell.swift; sourceTree = "<group>"; };
		55D03BA21E51BE2900C9CFC7 /* WordsListViewController.swift */ = {isa = PBXFileReference; fileEncoding = 4; lastKnownFileType = sourcecode.swift; path = WordsListViewController.swift; sourceTree = "<group>"; };
		92039FFB1E4BFFBD000481C5 /* LaunchScreen.storyboard */ = {isa = PBXFileReference; fileEncoding = 4; lastKnownFileType = file.storyboard; path = LaunchScreen.storyboard; sourceTree = "<group>"; };
		9221BA6B1E4AD03C00E26A28 /* User.swift */ = {isa = PBXFileReference; fileEncoding = 4; lastKnownFileType = sourcecode.swift; path = User.swift; sourceTree = "<group>"; };
		9221BA6F1E4AD1D400E26A28 /* Category.swift */ = {isa = PBXFileReference; fileEncoding = 4; lastKnownFileType = sourcecode.swift; path = Category.swift; sourceTree = "<group>"; };
		9221BA711E4AD3CE00E26A28 /* Lesson.swift */ = {isa = PBXFileReference; fileEncoding = 4; lastKnownFileType = sourcecode.swift; path = Lesson.swift; sourceTree = "<group>"; };
		9221BA731E4AD51B00E26A28 /* Word.swift */ = {isa = PBXFileReference; fileEncoding = 4; lastKnownFileType = sourcecode.swift; path = Word.swift; sourceTree = "<group>"; };
		9221BA751E4AD5BF00E26A28 /* Answer.swift */ = {isa = PBXFileReference; fileEncoding = 4; lastKnownFileType = sourcecode.swift; path = Answer.swift; sourceTree = "<group>"; };
		922AE3711E52DFD600384274 /* E-Learning-Bridging-Header.h */ = {isa = PBXFileReference; lastKnownFileType = sourcecode.c.h; path = "E-Learning-Bridging-Header.h"; sourceTree = "<group>"; };
		924EA81F1E53F9B700E4D14A /* JSONObject.swift */ = {isa = PBXFileReference; fileEncoding = 4; lastKnownFileType = sourcecode.swift; path = JSONObject.swift; sourceTree = "<group>"; };
		924EA8221E5412CC00E4D14A /* Base */ = {isa = PBXFileReference; lastKnownFileType = file.storyboard; name = Base; path = Base.lproj/Main.storyboard; sourceTree = "<group>"; };
		924EA8251E5412D000E4D14A /* en */ = {isa = PBXFileReference; lastKnownFileType = text.plist.strings; name = en; path = en.lproj/Main.strings; sourceTree = "<group>"; };
		924EA8271E5412D200E4D14A /* vi */ = {isa = PBXFileReference; lastKnownFileType = text.plist.strings; name = vi; path = vi.lproj/Main.strings; sourceTree = "<group>"; };
		925A707F1E4C0ACF00B4AA02 /* Constants.swift */ = {isa = PBXFileReference; fileEncoding = 4; lastKnownFileType = sourcecode.swift; path = Constants.swift; sourceTree = "<group>"; };
		925A70811E4C0CBB00B4AA02 /* DataValidator.swift */ = {isa = PBXFileReference; fileEncoding = 4; lastKnownFileType = sourcecode.swift; path = DataValidator.swift; sourceTree = "<group>"; };
		925A70851E4C1DD000B4AA02 /* UIViewController+Extensions.swift */ = {isa = PBXFileReference; fileEncoding = 4; lastKnownFileType = sourcecode.swift; path = "UIViewController+Extensions.swift"; sourceTree = "<group>"; };
		925A70871E4C1DF600B4AA02 /* UIView+Extensions.swift */ = {isa = PBXFileReference; fileEncoding = 4; lastKnownFileType = sourcecode.swift; path = "UIView+Extensions.swift"; sourceTree = "<group>"; };
		9281C3B31E4D54300061ED5F /* en */ = {isa = PBXFileReference; lastKnownFileType = text.plist.strings; name = en; path = en.lproj/Localizable.strings; sourceTree = "<group>"; };
		9281C3B61E4D55800061ED5F /* vi */ = {isa = PBXFileReference; lastKnownFileType = text.plist.strings; name = vi; path = vi.lproj/Localizable.strings; sourceTree = "<group>"; };
		929C6BCC1E4ACC2400B11086 /* E-Learning.app */ = {isa = PBXFileReference; explicitFileType = wrapper.application; includeInIndex = 0; path = "E-Learning.app"; sourceTree = BUILT_PRODUCTS_DIR; };
		929C6BCF1E4ACC2400B11086 /* AppDelegate.swift */ = {isa = PBXFileReference; lastKnownFileType = sourcecode.swift; path = AppDelegate.swift; sourceTree = "<group>"; };
		92BC36811E56A06A0073A855 /* Info.plist */ = {isa = PBXFileReference; fileEncoding = 4; lastKnownFileType = text.plist.xml; path = Info.plist; sourceTree = "<group>"; };
		92BC36831E56A3C20073A855 /* Assets.xcassets */ = {isa = PBXFileReference; lastKnownFileType = folder.assetcatalog; path = Assets.xcassets; sourceTree = "<group>"; };
		92BC36861E56C41E0073A855 /* Base */ = {isa = PBXFileReference; lastKnownFileType = file.storyboard; name = Base; path = Base.lproj/Home.storyboard; sourceTree = "<group>"; };
		92BDD0FB1E51390D00915555 /* APIService.swift */ = {isa = PBXFileReference; fileEncoding = 4; lastKnownFileType = sourcecode.swift; path = APIService.swift; sourceTree = "<group>"; };
		92BDD0FD1E5148B500915555 /* UserService.swift */ = {isa = PBXFileReference; fileEncoding = 4; lastKnownFileType = sourcecode.swift; path = UserService.swift; sourceTree = "<group>"; };
		92D6B99A1E5179E0004F565B /* DataStore.swift */ = {isa = PBXFileReference; fileEncoding = 4; lastKnownFileType = sourcecode.swift; path = DataStore.swift; sourceTree = "<group>"; };
		92D6B99C1E517B09004F565B /* UIImageView+URL.swift */ = {isa = PBXFileReference; fileEncoding = 4; lastKnownFileType = sourcecode.swift; path = "UIImageView+URL.swift"; sourceTree = "<group>"; };
		92EBA9D21E56CFC30001DBD0 /* en */ = {isa = PBXFileReference; lastKnownFileType = text.plist.strings; name = en; path = en.lproj/Home.strings; sourceTree = "<group>"; };
		92EBA9D41E56CFC50001DBD0 /* vi */ = {isa = PBXFileReference; lastKnownFileType = text.plist.strings; name = vi; path = vi.lproj/Home.strings; sourceTree = "<group>"; };
		92EBA9D81E56E5630001DBD0 /* Base */ = {isa = PBXFileReference; lastKnownFileType = text.plist.strings; name = Base; path = Base.lproj/InfoPlist.strings; sourceTree = "<group>"; };
		92EBA9DA1E56E5660001DBD0 /* en */ = {isa = PBXFileReference; lastKnownFileType = text.plist.strings; name = en; path = en.lproj/InfoPlist.strings; sourceTree = "<group>"; };
		92EBA9DB1E56E5670001DBD0 /* vi */ = {isa = PBXFileReference; lastKnownFileType = text.plist.strings; name = vi; path = vi.lproj/InfoPlist.strings; sourceTree = "<group>"; };
		92F5E5191E52B5A1007824E6 /* GoogleService-Info.plist */ = {isa = PBXFileReference; fileEncoding = 4; lastKnownFileType = text.plist.xml; path = "GoogleService-Info.plist"; sourceTree = "<group>"; };
		A52FF4421E4C4BBE00EEADE2 /* LoginViewController.swift */ = {isa = PBXFileReference; fileEncoding = 4; lastKnownFileType = sourcecode.swift; path = LoginViewController.swift; sourceTree = "<group>"; };
		A52FF4431E4C4BBE00EEADE2 /* RegisterViewController.swift */ = {isa = PBXFileReference; fileEncoding = 4; lastKnownFileType = sourcecode.swift; path = RegisterViewController.swift; sourceTree = "<group>"; };
		A93C266E01F5F169A88536EA /* Pods-E-Learning.release.xcconfig */ = {isa = PBXFileReference; includeInIndex = 1; lastKnownFileType = text.xcconfig; name = "Pods-E-Learning.release.xcconfig"; path = "Pods/Target Support Files/Pods-E-Learning/Pods-E-Learning.release.xcconfig"; sourceTree = "<group>"; };
		EB7364C9C83B487969F027B7 /* Pods-E-Learning.debug.xcconfig */ = {isa = PBXFileReference; includeInIndex = 1; lastKnownFileType = text.xcconfig; name = "Pods-E-Learning.debug.xcconfig"; path = "Pods/Target Support Files/Pods-E-Learning/Pods-E-Learning.debug.xcconfig"; sourceTree = "<group>"; };
		FE713528E8AC9B1DE849E995 /* Pods_E_Learning.framework */ = {isa = PBXFileReference; explicitFileType = wrapper.framework; includeInIndex = 0; path = Pods_E_Learning.framework; sourceTree = BUILT_PRODUCTS_DIR; };
/* End PBXFileReference section */

/* Begin PBXFrameworksBuildPhase section */
		929C6BC91E4ACC2400B11086 /* Frameworks */ = {
			isa = PBXFrameworksBuildPhase;
			buildActionMask = 2147483647;
			files = (
				DB54928BDD08FD3277D84469 /* Pods_E_Learning.framework in Frameworks */,
			);
			runOnlyForDeploymentPostprocessing = 0;
		};
/* End PBXFrameworksBuildPhase section */

/* Begin PBXGroup section */
		113503351E4C44F80003CC49 /* Lesson */ = {
			isa = PBXGroup;
			children = (
				113503361E4C44F80003CC49 /* CategoriesViewController */,
				113503391E4C44F80003CC49 /* LessonViewController */,
				1135033C1E4C44F80003CC49 /* ResultViewController */,
			);
			path = Lesson;
			sourceTree = "<group>";
		};
		113503361E4C44F80003CC49 /* CategoriesViewController */ = {
			isa = PBXGroup;
			children = (
				113503371E4C44F80003CC49 /* CategoriesViewController.swift */,
				113503381E4C44F80003CC49 /* CategoryCell.swift */,
			);
			path = CategoriesViewController;
			sourceTree = "<group>";
		};
		113503391E4C44F80003CC49 /* LessonViewController */ = {
			isa = PBXGroup;
			children = (
				1135033A1E4C44F80003CC49 /* LessonAnswerCell.swift */,
				1135033B1E4C44F80003CC49 /* LessonViewController.swift */,
			);
			path = LessonViewController;
			sourceTree = "<group>";
		};
		1135033C1E4C44F80003CC49 /* ResultViewController */ = {
			isa = PBXGroup;
			children = (
				113503481E4C62610003CC49 /* ResultViewController.swift */,
				1135034A1E4C67D70003CC49 /* ResultCell.swift */,
			);
			path = ResultViewController;
			sourceTree = "<group>";
		};
		559598971E5152A400C48E59 /* HomeViewController */ = {
			isa = PBXGroup;
			children = (
				559598981E5152A400C48E59 /* HomeViewController.swift */,
				559598A41E51531000C48E59 /* HomeCell.swift */,
			);
			path = HomeViewController;
			sourceTree = "<group>";
		};
		559598991E5152A400C48E59 /* UpdateProfileController */ = {
			isa = PBXGroup;
			children = (
				5595989A1E5152A400C48E59 /* UpdateProfileViewController.swift */,
			);
			path = UpdateProfileController;
			sourceTree = "<group>";
		};
		5595989B1E5152A400C48E59 /* WordsListController */ = {
			isa = PBXGroup;
			children = (
				55D03BA21E51BE2900C9CFC7 /* WordsListViewController.swift */,
				5595989C1E5152A400C48E59 /* WordsListCell.swift */,
				5595989D1E5152A400C48E59 /* WordsListCell.xib */,
			);
			path = WordsListController;
			sourceTree = "<group>";
		};
		5840D9DC24107CAABFB9ED8D /* Pods */ = {
			isa = PBXGroup;
			children = (
				EB7364C9C83B487969F027B7 /* Pods-E-Learning.debug.xcconfig */,
				A93C266E01F5F169A88536EA /* Pods-E-Learning.release.xcconfig */,
			);
			name = Pods;
			sourceTree = "<group>";
		};
		58C54353C729A84F84CF8823 /* Frameworks */ = {
			isa = PBXGroup;
			children = (
				FE713528E8AC9B1DE849E995 /* Pods_E_Learning.framework */,
			);
			name = Frameworks;
			sourceTree = "<group>";
		};
		92039FF81E4BFC29000481C5 /* Storyboards */ = {
			isa = PBXGroup;
			children = (
				92BC36871E56C41E0073A855 /* Home.storyboard */,
				924EA8231E5412CC00E4D14A /* Main.storyboard */,
				113503331E4C44330003CC49 /* Lesson.storyboard */,
				92039FFB1E4BFFBD000481C5 /* LaunchScreen.storyboard */,
			);
			path = Storyboards;
			sourceTree = "<group>";
		};
		9221BA6A1E4ACE3D00E26A28 /* Models */ = {
			isa = PBXGroup;
			children = (
				9221BA6B1E4AD03C00E26A28 /* User.swift */,
				9221BA6F1E4AD1D400E26A28 /* Category.swift */,
				9221BA711E4AD3CE00E26A28 /* Lesson.swift */,
				9221BA731E4AD51B00E26A28 /* Word.swift */,
				9221BA751E4AD5BF00E26A28 /* Answer.swift */,
				924EA81F1E53F9B700E4D14A /* JSONObject.swift */,
			);
			path = Models;
			sourceTree = "<group>";
		};
		92504CA61E4B03F300883440 /* ViewControllers */ = {
			isa = PBXGroup;
			children = (
				A52FF4411E4C4BBE00EEADE2 /* UserSigning */,
				A52FF43A1E4C499B00EEADE2 /* HomeViewController */,
				113503351E4C44F80003CC49 /* Lesson */,
			);
			path = ViewControllers;
			sourceTree = "<group>";
		};
		92504CAC1E4B1D8000883440 /* Extensions */ = {
			isa = PBXGroup;
			children = (
				925A70851E4C1DD000B4AA02 /* UIViewController+Extensions.swift */,
				925A70871E4C1DF600B4AA02 /* UIView+Extensions.swift */,
				1135034E1E4C7FB20003CC49 /* String+Localization.swift */,
				92D6B99C1E517B09004F565B /* UIImageView+URL.swift */,
				117B2C341E518A0200DA1C37 /* Dictionary+ParseJSON.swift */,
			);
			path = Extensions;
			sourceTree = "<group>";
		};
		925A707C1E4C0AA400B4AA02 /* Helpers */ = {
			isa = PBXGroup;
			children = (
				925A707F1E4C0ACF00B4AA02 /* Constants.swift */,
				925A70811E4C0CBB00B4AA02 /* DataValidator.swift */,
				113503521E4C816B0003CC49 /* Localizable.strings */,
				92EBA9D91E56E5630001DBD0 /* InfoPlist.strings */,
			);
			path = Helpers;
			sourceTree = "<group>";
		};
		929C6BC31E4ACC2300B11086 = {
			isa = PBXGroup;
			children = (
				929C6BCE1E4ACC2400B11086 /* E-Learning */,
				929C6BCD1E4ACC2400B11086 /* Products */,
				5840D9DC24107CAABFB9ED8D /* Pods */,
				58C54353C729A84F84CF8823 /* Frameworks */,
			);
			sourceTree = "<group>";
		};
		929C6BCD1E4ACC2400B11086 /* Products */ = {
			isa = PBXGroup;
			children = (
				929C6BCC1E4ACC2400B11086 /* E-Learning.app */,
			);
			name = Products;
			sourceTree = "<group>";
		};
		929C6BCE1E4ACC2400B11086 /* E-Learning */ = {
			isa = PBXGroup;
			children = (
				92D6B9991E5179D6004F565B /* DataStore */,
				92BDD0FA1E5138FB00915555 /* Services */,
				925A707C1E4C0AA400B4AA02 /* Helpers */,
				92039FF81E4BFC29000481C5 /* Storyboards */,
				92504CAC1E4B1D8000883440 /* Extensions */,
				92504CA61E4B03F300883440 /* ViewControllers */,
				9221BA6A1E4ACE3D00E26A28 /* Models */,
				929C6BCF1E4ACC2400B11086 /* AppDelegate.swift */,
				92F5E5191E52B5A1007824E6 /* GoogleService-Info.plist */,
				92BC36811E56A06A0073A855 /* Info.plist */,
				922AE3711E52DFD600384274 /* E-Learning-Bridging-Header.h */,
				92BC36831E56A3C20073A855 /* Assets.xcassets */,
			);
			path = "E-Learning";
			sourceTree = "<group>";
		};
		92BDD0FA1E5138FB00915555 /* Services */ = {
			isa = PBXGroup;
			children = (
				117B2C361E51943E00DA1C37 /* LessonService.swift */,
				553DD0531E554BA1006B6517 /* WordService.swift */,
				92BDD0FB1E51390D00915555 /* APIService.swift */,
				92BDD0FD1E5148B500915555 /* UserService.swift */,
			);
			path = Services;
			sourceTree = "<group>";
		};
		92D6B9991E5179D6004F565B /* DataStore */ = {
			isa = PBXGroup;
			children = (
				92D6B99A1E5179E0004F565B /* DataStore.swift */,
			);
			path = DataStore;
			sourceTree = "<group>";
		};
		A52FF43A1E4C499B00EEADE2 /* HomeViewController */ = {
			isa = PBXGroup;
			children = (
				559598971E5152A400C48E59 /* HomeViewController */,
				559598991E5152A400C48E59 /* UpdateProfileController */,
				5595989B1E5152A400C48E59 /* WordsListController */,
			);
			path = HomeViewController;
			sourceTree = "<group>";
		};
		A52FF4411E4C4BBE00EEADE2 /* UserSigning */ = {
			isa = PBXGroup;
			children = (
				A52FF4421E4C4BBE00EEADE2 /* LoginViewController.swift */,
				A52FF4431E4C4BBE00EEADE2 /* RegisterViewController.swift */,
			);
			path = UserSigning;
			sourceTree = "<group>";
		};
/* End PBXGroup section */

/* Begin PBXNativeTarget section */
		929C6BCB1E4ACC2400B11086 /* E-Learning */ = {
			isa = PBXNativeTarget;
			buildConfigurationList = 929C6BDE1E4ACC2400B11086 /* Build configuration list for PBXNativeTarget "E-Learning" */;
			buildPhases = (
				EE93AF3EB898C72B0ABD8DFC /* [CP] Check Pods Manifest.lock */,
				929C6BC81E4ACC2400B11086 /* Sources */,
				929C6BC91E4ACC2400B11086 /* Frameworks */,
				929C6BCA1E4ACC2400B11086 /* Resources */,
				F8591DE509AE4A3DD9D561B4 /* [CP] Embed Pods Frameworks */,
				11EC2F547ECE504429161F89 /* [CP] Copy Pods Resources */,
			);
			buildRules = (
			);
			dependencies = (
			);
			name = "E-Learning";
			productName = "E-Learning";
			productReference = 929C6BCC1E4ACC2400B11086 /* E-Learning.app */;
			productType = "com.apple.product-type.application";
		};
/* End PBXNativeTarget section */

/* Begin PBXProject section */
		929C6BC41E4ACC2400B11086 /* Project object */ = {
			isa = PBXProject;
			attributes = {
				LastSwiftUpdateCheck = 0820;
				LastUpgradeCheck = 0820;
				ORGANIZATIONNAME = Framgia;
				TargetAttributes = {
					929C6BCB1E4ACC2400B11086 = {
						CreatedOnToolsVersion = 8.2.1;
						DevelopmentTeam = VV528E4X2Y;
						LastSwiftMigration = 0820;
						ProvisioningStyle = Automatic;
					};
				};
			};
			buildConfigurationList = 929C6BC71E4ACC2400B11086 /* Build configuration list for PBXProject "E-Learning" */;
			compatibilityVersion = "Xcode 3.2";
			developmentRegion = English;
			hasScannedForEncodings = 0;
			knownRegions = (
				en,
				Base,
				vi,
			);
			mainGroup = 929C6BC31E4ACC2300B11086;
			productRefGroup = 929C6BCD1E4ACC2400B11086 /* Products */;
			projectDirPath = "";
			projectRoot = "";
			targets = (
				929C6BCB1E4ACC2400B11086 /* E-Learning */,
			);
		};
/* End PBXProject section */

/* Begin PBXResourcesBuildPhase section */
		929C6BCA1E4ACC2400B11086 /* Resources */ = {
			isa = PBXResourcesBuildPhase;
			buildActionMask = 2147483647;
			files = (
				113503341E4C44330003CC49 /* Lesson.storyboard in Resources */,
				92F5E51A1E52B5A1007824E6 /* GoogleService-Info.plist in Resources */,
				113503501E4C816B0003CC49 /* Localizable.strings in Resources */,
				9217B23B1E4C010E00744083 /* LaunchScreen.storyboard in Resources */,
				924EA8211E5412CC00E4D14A /* Main.storyboard in Resources */,
				559598A21E5152A400C48E59 /* WordsListCell.xib in Resources */,
				92BC36841E56A3C20073A855 /* Assets.xcassets in Resources */,
				92BC36851E56C41E0073A855 /* Home.storyboard in Resources */,
				92EBA9D71E56E5630001DBD0 /* InfoPlist.strings in Resources */,
			);
			runOnlyForDeploymentPostprocessing = 0;
		};
/* End PBXResourcesBuildPhase section */

/* Begin PBXShellScriptBuildPhase section */
		11EC2F547ECE504429161F89 /* [CP] Copy Pods Resources */ = {
			isa = PBXShellScriptBuildPhase;
			buildActionMask = 2147483647;
			files = (
			);
			inputPaths = (
			);
			name = "[CP] Copy Pods Resources";
			outputPaths = (
			);
			runOnlyForDeploymentPostprocessing = 0;
			shellPath = /bin/sh;
			shellScript = "\"${SRCROOT}/Pods/Target Support Files/Pods-E-Learning/Pods-E-Learning-resources.sh\"\n";
			showEnvVarsInLog = 0;
		};
		EE93AF3EB898C72B0ABD8DFC /* [CP] Check Pods Manifest.lock */ = {
			isa = PBXShellScriptBuildPhase;
			buildActionMask = 2147483647;
			files = (
			);
			inputPaths = (
			);
			name = "[CP] Check Pods Manifest.lock";
			outputPaths = (
			);
			runOnlyForDeploymentPostprocessing = 0;
			shellPath = /bin/sh;
			shellScript = "diff \"${PODS_ROOT}/../Podfile.lock\" \"${PODS_ROOT}/Manifest.lock\" > /dev/null\nif [ $? != 0 ] ; then\n    # print error to STDERR\n    echo \"error: The sandbox is not in sync with the Podfile.lock. Run 'pod install' or update your CocoaPods installation.\" >&2\n    exit 1\nfi\n";
			showEnvVarsInLog = 0;
		};
		F8591DE509AE4A3DD9D561B4 /* [CP] Embed Pods Frameworks */ = {
			isa = PBXShellScriptBuildPhase;
			buildActionMask = 2147483647;
			files = (
			);
			inputPaths = (
			);
			name = "[CP] Embed Pods Frameworks";
			outputPaths = (
			);
			runOnlyForDeploymentPostprocessing = 0;
			shellPath = /bin/sh;
			shellScript = "\"${SRCROOT}/Pods/Target Support Files/Pods-E-Learning/Pods-E-Learning-frameworks.sh\"\n";
			showEnvVarsInLog = 0;
		};
/* End PBXShellScriptBuildPhase section */

/* Begin PBXSourcesBuildPhase section */
		929C6BC81E4ACC2400B11086 /* Sources */ = {
			isa = PBXSourcesBuildPhase;
			buildActionMask = 2147483647;
			files = (
				9221BA6C1E4AD03C00E26A28 /* User.swift in Sources */,
				92BDD0FE1E5148B500915555 /* UserService.swift in Sources */,
				55D03BA31E51BE2900C9CFC7 /* WordsListViewController.swift in Sources */,
				1135033E1E4C44F80003CC49 /* CategoryCell.swift in Sources */,
				925A70861E4C1DD000B4AA02 /* UIViewController+Extensions.swift in Sources */,
				929C6BD01E4ACC2400B11086 /* AppDelegate.swift in Sources */,
				925A70801E4C0ACF00B4AA02 /* Constants.swift in Sources */,
				925A70881E4C1DF600B4AA02 /* UIView+Extensions.swift in Sources */,
				113503401E4C44F80003CC49 /* LessonViewController.swift in Sources */,
				113503491E4C62610003CC49 /* ResultViewController.swift in Sources */,
				9281C3B91E4D62250061ED5F /* LoginViewController.swift in Sources */,
				559598A51E51531000C48E59 /* HomeCell.swift in Sources */,
				9221BA741E4AD51B00E26A28 /* Word.swift in Sources */,
				924EA8201E53F9B700E4D14A /* JSONObject.swift in Sources */,
				92D6B99B1E5179E0004F565B /* DataStore.swift in Sources */,
				9221BA761E4AD5BF00E26A28 /* Answer.swift in Sources */,
				925A70821E4C0CBB00B4AA02 /* DataValidator.swift in Sources */,
				1135034F1E4C7FB20003CC49 /* String+Localization.swift in Sources */,
				117B2C371E51943E00DA1C37 /* LessonService.swift in Sources */,
				117B2C351E518A0200DA1C37 /* Dictionary+ParseJSON.swift in Sources */,
				1135033F1E4C44F80003CC49 /* LessonAnswerCell.swift in Sources */,
				1135034B1E4C67D70003CC49 /* ResultCell.swift in Sources */,
				5595989F1E5152A400C48E59 /* HomeViewController.swift in Sources */,
				9221BA701E4AD1D400E26A28 /* Category.swift in Sources */,
				A52FF4451E4C4BBE00EEADE2 /* RegisterViewController.swift in Sources */,
				553DD0541E554BA1006B6517 /* WordService.swift in Sources */,
				92D6B99D1E517B09004F565B /* UIImageView+URL.swift in Sources */,
				559598A01E5152A400C48E59 /* UpdateProfileViewController.swift in Sources */,
				9221BA721E4AD3CE00E26A28 /* Lesson.swift in Sources */,
				92BDD0FC1E51390D00915555 /* APIService.swift in Sources */,
				1135033D1E4C44F80003CC49 /* CategoriesViewController.swift in Sources */,
				559598A11E5152A400C48E59 /* WordsListCell.swift in Sources */,
			);
			runOnlyForDeploymentPostprocessing = 0;
		};
/* End PBXSourcesBuildPhase section */

/* Begin PBXVariantGroup section */
		113503521E4C816B0003CC49 /* Localizable.strings */ = {
			isa = PBXVariantGroup;
			children = (
				113503511E4C816B0003CC49 /* Base */,
				9281C3B31E4D54300061ED5F /* en */,
				9281C3B61E4D55800061ED5F /* vi */,
			);
			name = Localizable.strings;
			sourceTree = "<group>";
		};
		924EA8231E5412CC00E4D14A /* Main.storyboard */ = {
			isa = PBXVariantGroup;
			children = (
				924EA8221E5412CC00E4D14A /* Base */,
				924EA8251E5412D000E4D14A /* en */,
				924EA8271E5412D200E4D14A /* vi */,
			);
			name = Main.storyboard;
			sourceTree = "<group>";
		};
		92BC36871E56C41E0073A855 /* Home.storyboard */ = {
			isa = PBXVariantGroup;
			children = (
				92BC36861E56C41E0073A855 /* Base */,
				92EBA9D21E56CFC30001DBD0 /* en */,
				92EBA9D41E56CFC50001DBD0 /* vi */,
			);
			name = Home.storyboard;
			sourceTree = "<group>";
		};
		92EBA9D91E56E5630001DBD0 /* InfoPlist.strings */ = {
			isa = PBXVariantGroup;
			children = (
				92EBA9D81E56E5630001DBD0 /* Base */,
				92EBA9DA1E56E5660001DBD0 /* en */,
				92EBA9DB1E56E5670001DBD0 /* vi */,
			);
			name = InfoPlist.strings;
			sourceTree = "<group>";
		};
/* End PBXVariantGroup section */

/* Begin XCBuildConfiguration section */
		929C6BDC1E4ACC2400B11086 /* Debug */ = {
			isa = XCBuildConfiguration;
			buildSettings = {
				ALWAYS_SEARCH_USER_PATHS = NO;
				CLANG_ANALYZER_LOCALIZABILITY_NONLOCALIZED = YES;
				CLANG_ANALYZER_NONNULL = YES;
				CLANG_CXX_LANGUAGE_STANDARD = "gnu++0x";
				CLANG_CXX_LIBRARY = "libc++";
				CLANG_ENABLE_MODULES = YES;
				CLANG_ENABLE_OBJC_ARC = YES;
				CLANG_WARN_BOOL_CONVERSION = YES;
				CLANG_WARN_CONSTANT_CONVERSION = YES;
				CLANG_WARN_DIRECT_OBJC_ISA_USAGE = YES_ERROR;
				CLANG_WARN_DOCUMENTATION_COMMENTS = YES;
				CLANG_WARN_EMPTY_BODY = YES;
				CLANG_WARN_ENUM_CONVERSION = YES;
				CLANG_WARN_INFINITE_RECURSION = YES;
				CLANG_WARN_INT_CONVERSION = YES;
				CLANG_WARN_OBJC_ROOT_CLASS = YES_ERROR;
				CLANG_WARN_SUSPICIOUS_MOVE = YES;
				CLANG_WARN_UNREACHABLE_CODE = YES;
				CLANG_WARN__DUPLICATE_METHOD_MATCH = YES;
				"CODE_SIGN_IDENTITY[sdk=iphoneos*]" = "iPhone Developer";
				COPY_PHASE_STRIP = NO;
				DEBUG_INFORMATION_FORMAT = dwarf;
				ENABLE_STRICT_OBJC_MSGSEND = YES;
				ENABLE_TESTABILITY = YES;
				GCC_C_LANGUAGE_STANDARD = gnu99;
				GCC_DYNAMIC_NO_PIC = NO;
				GCC_NO_COMMON_BLOCKS = YES;
				GCC_OPTIMIZATION_LEVEL = 0;
				GCC_PREPROCESSOR_DEFINITIONS = (
					"DEBUG=1",
					"$(inherited)",
				);
				GCC_WARN_64_TO_32_BIT_CONVERSION = YES;
				GCC_WARN_ABOUT_RETURN_TYPE = YES_ERROR;
				GCC_WARN_UNDECLARED_SELECTOR = YES;
				GCC_WARN_UNINITIALIZED_AUTOS = YES_AGGRESSIVE;
				GCC_WARN_UNUSED_FUNCTION = YES;
				GCC_WARN_UNUSED_VARIABLE = YES;
				IPHONEOS_DEPLOYMENT_TARGET = 10.2;
				MTL_ENABLE_DEBUG_INFO = YES;
				ONLY_ACTIVE_ARCH = YES;
				SDKROOT = iphoneos;
				SWIFT_ACTIVE_COMPILATION_CONDITIONS = DEBUG;
				SWIFT_OPTIMIZATION_LEVEL = "-Onone";
			};
			name = Debug;
		};
		929C6BDD1E4ACC2400B11086 /* Release */ = {
			isa = XCBuildConfiguration;
			buildSettings = {
				ALWAYS_SEARCH_USER_PATHS = NO;
				CLANG_ANALYZER_LOCALIZABILITY_NONLOCALIZED = YES;
				CLANG_ANALYZER_NONNULL = YES;
				CLANG_CXX_LANGUAGE_STANDARD = "gnu++0x";
				CLANG_CXX_LIBRARY = "libc++";
				CLANG_ENABLE_MODULES = YES;
				CLANG_ENABLE_OBJC_ARC = YES;
				CLANG_WARN_BOOL_CONVERSION = YES;
				CLANG_WARN_CONSTANT_CONVERSION = YES;
				CLANG_WARN_DIRECT_OBJC_ISA_USAGE = YES_ERROR;
				CLANG_WARN_DOCUMENTATION_COMMENTS = YES;
				CLANG_WARN_EMPTY_BODY = YES;
				CLANG_WARN_ENUM_CONVERSION = YES;
				CLANG_WARN_INFINITE_RECURSION = YES;
				CLANG_WARN_INT_CONVERSION = YES;
				CLANG_WARN_OBJC_ROOT_CLASS = YES_ERROR;
				CLANG_WARN_SUSPICIOUS_MOVE = YES;
				CLANG_WARN_UNREACHABLE_CODE = YES;
				CLANG_WARN__DUPLICATE_METHOD_MATCH = YES;
				"CODE_SIGN_IDENTITY[sdk=iphoneos*]" = "iPhone Developer";
				COPY_PHASE_STRIP = NO;
				DEBUG_INFORMATION_FORMAT = "dwarf-with-dsym";
				ENABLE_NS_ASSERTIONS = NO;
				ENABLE_STRICT_OBJC_MSGSEND = YES;
				GCC_C_LANGUAGE_STANDARD = gnu99;
				GCC_NO_COMMON_BLOCKS = YES;
				GCC_WARN_64_TO_32_BIT_CONVERSION = YES;
				GCC_WARN_ABOUT_RETURN_TYPE = YES_ERROR;
				GCC_WARN_UNDECLARED_SELECTOR = YES;
				GCC_WARN_UNINITIALIZED_AUTOS = YES_AGGRESSIVE;
				GCC_WARN_UNUSED_FUNCTION = YES;
				GCC_WARN_UNUSED_VARIABLE = YES;
				IPHONEOS_DEPLOYMENT_TARGET = 10.2;
				MTL_ENABLE_DEBUG_INFO = NO;
				SDKROOT = iphoneos;
				SWIFT_OPTIMIZATION_LEVEL = "-Owholemodule";
				VALIDATE_PRODUCT = YES;
			};
			name = Release;
		};
		929C6BDF1E4ACC2400B11086 /* Debug */ = {
			isa = XCBuildConfiguration;
			baseConfigurationReference = EB7364C9C83B487969F027B7 /* Pods-E-Learning.debug.xcconfig */;
			buildSettings = {
				ASSETCATALOG_COMPILER_APPICON_NAME = AppIcon;
				CLANG_ENABLE_MODULES = YES;
				DEVELOPMENT_TEAM = VV528E4X2Y;
				INFOPLIST_FILE = "E-Learning/Info.plist";
				LD_RUNPATH_SEARCH_PATHS = "$(inherited) @executable_path/Frameworks";
				PRODUCT_BUNDLE_IDENTIFIER = "com.framgia.E-Learning";
				PRODUCT_NAME = "$(TARGET_NAME)";
				SWIFT_OBJC_BRIDGING_HEADER = "E-Learning/E-Learning-Bridging-Header.h";
				SWIFT_OPTIMIZATION_LEVEL = "-Onone";
				SWIFT_VERSION = 3.0;
			};
			name = Debug;
		};
		929C6BE01E4ACC2400B11086 /* Release */ = {
			isa = XCBuildConfiguration;
			baseConfigurationReference = A93C266E01F5F169A88536EA /* Pods-E-Learning.release.xcconfig */;
			buildSettings = {
				ASSETCATALOG_COMPILER_APPICON_NAME = AppIcon;
				CLANG_ENABLE_MODULES = YES;
				DEVELOPMENT_TEAM = VV528E4X2Y;
				INFOPLIST_FILE = "E-Learning/Info.plist";
				LD_RUNPATH_SEARCH_PATHS = "$(inherited) @executable_path/Frameworks";
				PRODUCT_BUNDLE_IDENTIFIER = "com.framgia.E-Learning";
				PRODUCT_NAME = "$(TARGET_NAME)";
				SWIFT_OBJC_BRIDGING_HEADER = "E-Learning/E-Learning-Bridging-Header.h";
				SWIFT_VERSION = 3.0;
			};
			name = Release;
		};
/* End XCBuildConfiguration section */

/* Begin XCConfigurationList section */
		929C6BC71E4ACC2400B11086 /* Build configuration list for PBXProject "E-Learning" */ = {
			isa = XCConfigurationList;
			buildConfigurations = (
				929C6BDC1E4ACC2400B11086 /* Debug */,
				929C6BDD1E4ACC2400B11086 /* Release */,
			);
			defaultConfigurationIsVisible = 0;
			defaultConfigurationName = Release;
		};
		929C6BDE1E4ACC2400B11086 /* Build configuration list for PBXNativeTarget "E-Learning" */ = {
			isa = XCConfigurationList;
			buildConfigurations = (
				929C6BDF1E4ACC2400B11086 /* Debug */,
				929C6BE01E4ACC2400B11086 /* Release */,
			);
			defaultConfigurationIsVisible = 0;
			defaultConfigurationName = Release;
		};
/* End XCConfigurationList section */
	};
	rootObject = 929C6BC41E4ACC2400B11086 /* Project object */;
}
